
Microsoft Visual Studio Solution File, Format Version 12.00
# Visual Studio 14
VisualStudioVersion = 14.0.25420.1
MinimumVisualStudioVersion = 10.0.40219.1
Project("{FAE04EC0-301F-11D3-BF4B-00C04F79EFBC}") = "MVC4Dec2020Batch", "MVC4Dec2020Batch\MVC4Dec2020Batch.csproj", "{86D500B2-FF41-4CAC-8A16-3522D1BA613D}"
EndProject
Project("{FAE04EC0-301F-11D3-BF4B-00C04F79EFBC}") = "ADonetExample", "ADonetExample\ADonetExample.csproj", "{14A72BA5-E807-4853-B934-5B1CC817F44B}"
EndProject
Project("{FAE04EC0-301F-11D3-BF4B-00C04F79EFBC}") = "DataBasedApproach", "DataBasedApproach\DataBasedApproach.csproj", "{B6BC5D63-6D29-45E1-A7FA-43E981B97558}"
EndProject
Project("{FAE04EC0-301F-11D3-BF4B-00C04F79EFBC}") = "CodeFirstApproach", "CodeFirstApproach\CodeFirstApproach.csproj", "{29784BAF-DAD1-4BAE-9C47-D33F75FC43AF}"
EndProject
Project("{FAE04EC0-301F-11D3-BF4B-00C04F79EFBC}") = "ModelBasedApproach", "ModelBasedApproach\ModelBasedApproach.csproj", "{AACDAF5C-597B-4E5D-849B-25A7214B8843}"
EndProject
Global
	GlobalSection(SolutionConfigurationPlatforms) = preSolution
		Debug|Any CPU = Debug|Any CPU
		Release|Any CPU = Release|Any CPU
	EndGlobalSection
	GlobalSection(ProjectConfigurationPlatforms) = postSolution
		{86D500B2-FF41-4CAC-8A16-3522D1BA613D}.Debug|Any CPU.ActiveCfg = Debug|Any CPU
		{86D500B2-FF41-4CAC-8A16-3522D1BA613D}.Debug|Any CPU.Build.0 = Debug|Any CPU
		{86D500B2-FF41-4CAC-8A16-3522D1BA613D}.Release|Any CPU.ActiveCfg = Release|Any CPU
		{86D500B2-FF41-4CAC-8A16-3522D1BA613D}.Release|Any CPU.Build.0 = Release|Any CPU
		{14A72BA5-E807-4853-B934-5B1CC817F44B}.Debug|Any CPU.ActiveCfg = Debug|Any CPU
		{14A72BA5-E807-4853-B934-5B1CC817F44B}.Debug|Any CPU.Build.0 = Debug|Any CPU
		{14A72BA5-E807-4853-B934-5B1CC817F44B}.Release|Any CPU.ActiveCfg = Release|Any CPU
		{14A72BA5-E807-4853-B934-5B1CC817F44B}.Release|Any CPU.Build.0 = Release|Any CPU
		{B6BC5D63-6D29-45E1-A7FA-43E981B97558}.Debug|Any CPU.ActiveCfg = Debug|Any CPU
		{B6BC5D63-6D29-45E1-A7FA-43E981B97558}.Debug|Any CPU.Build.0 = Debug|Any CPU
		{B6BC5D63-6D29-45E1-A7FA-43E981B97558}.Release|Any CPU.ActiveCfg = Release|Any CPU
		{B6BC5D63-6D29-45E1-A7FA-43E981B97558}.Release|Any CPU.Build.0 = Release|Any CPU
		{29784BAF-DAD1-4BAE-9C47-D33F75FC43AF}.Debug|Any CPU.ActiveCfg = Debug|Any CPU
		{29784BAF-DAD1-4BAE-9C47-D33F75FC43AF}.Debug|Any CPU.Build.0 = Debug|Any CPU
		{29784BAF-DAD1-4BAE-9C47-D33F75FC43AF}.Release|Any CPU.ActiveCfg = Release|Any CPU
		{29784BAF-DAD1-4BAE-9C47-D33F75FC43AF}.Release|Any CPU.Build.0 = Release|Any CPU
		{AACDAF5C-597B-4E5D-849B-25A7214B8843}.Debug|Any CPU.ActiveCfg = Debug|Any CPU
		{AACDAF5C-597B-4E5D-849B-25A7214B8843}.Debug|Any CPU.Build.0 = Debug|Any CPU
		{AACDAF5C-597B-4E5D-849B-25A7214B8843}.Release|Any CPU.ActiveCfg = Release|Any CPU
		{AACDAF5C-597B-4E5D-849B-25A7214B8843}.Release|Any CPU.Build.0 = Release|Any CPU
	EndGlobalSection
	GlobalSection(SolutionProperties) = preSolution
		HideSolutionNode = FALSE
	EndGlobalSection
EndGlobal
